
Microsoft Visual Studio Solution File, Format Version 12.00
# Visual Studio 15
VisualStudioVersion = 15.0.27428.2002
MinimumVisualStudioVersion = 10.0.40219.1
Project("{FAE04EC0-301F-11D3-BF4B-00C04F79EFBC}") = "LightCube", "LightCube\LightCube.csproj", "{2E6B28EE-1FD7-4598-9884-DEEEC1DC55DF}"
EndProject
Global
	GlobalSection(SolutionConfigurationPlatforms) = preSolution
		Debug|Any CPU = Debug|Any CPU
		Release|Any CPU = Release|Any CPU
	EndGlobalSection
	GlobalSection(ProjectConfigurationPlatforms) = postSolution
		{2E6B28EE-1FD7-4598-9884-DEEEC1DC55DF}.Debug|Any CPU.ActiveCfg = Debug|Any CPU
		{2E6B28EE-1FD7-4598-9884-DEEEC1DC55DF}.Debug|Any CPU.Build.0 = Debug|Any CPU
		{2E6B28EE-1FD7-4598-9884-DEEEC1DC55DF}.Release|Any CPU.ActiveCfg = Release|Any CPU
		{2E6B28EE-1FD7-4598-9884-DEEEC1DC55DF}.Release|Any CPU.Build.0 = Release|Any CPU
	EndGlobalSection
	GlobalSection(SolutionProperties) = preSolution
		HideSolutionNode = FALSE
	EndGlobalSection
	GlobalSection(ExtensibilityGlobals) = postSolution
		SolutionGuid = {ECD3D66A-B526-4AFA-B3CB-9F403D24E1E4}
	EndGlobalSection
EndGlobal
